// !$*UTF8*$!
{
	archiveVersion = 1;
	classes = {
	};
	objectVersion = 77;
	objects = {

/* Begin PBXBuildFile section */
		D3A3975B2E06B7F300A26024 /* Xcancelator Extension.appex in Embed Foundation Extensions */ = {isa = PBXBuildFile; fileRef = D3A3975A2E06B7F300A26024 /* Xcancelator Extension.appex */; settings = {ATTRIBUTES = (RemoveHeadersOnCopy, ); }; };
		D3B92AF62E06C8F60056FE98 /* Xcancelator Extension iOS.appex in Embed Foundation Extensions */ = {isa = PBXBuildFile; fileRef = D3CA931F2E06C2F900595769 /* Xcancelator Extension iOS.appex */; settings = {ATTRIBUTES = (RemoveHeadersOnCopy, ); }; };
/* End PBXBuildFile section */

/* Begin PBXContainerItemProxy section */
		D3A397452E06B7F300A26024 /* PBXContainerItemProxy */ = {
			isa = PBXContainerItemProxy;
			containerPortal = D3A397202E06B7F200A26024 /* Project object */;
			proxyType = 1;
			remoteGlobalIDString = D3A397272E06B7F200A26024;
			remoteInfo = Xcancelator;
		};
		D3A3974F2E06B7F300A26024 /* PBXContainerItemProxy */ = {
			isa = PBXContainerItemProxy;
			containerPortal = D3A397202E06B7F200A26024 /* Project object */;
			proxyType = 1;
			remoteGlobalIDString = D3A397272E06B7F200A26024;
			remoteInfo = Xcancelator;
		};
		D3A3975C2E06B7F300A26024 /* PBXContainerItemProxy */ = {
			isa = PBXContainerItemProxy;
			containerPortal = D3A397202E06B7F200A26024 /* Project object */;
			proxyType = 1;
			remoteGlobalIDString = D3A397592E06B7F300A26024;
			remoteInfo = "Xcancelator Extension";
		};
		D3B92AD22E06C8BC0056FE98 /* PBXContainerItemProxy */ = {
			isa = PBXContainerItemProxy;
			containerPortal = D3A397202E06B7F200A26024 /* Project object */;
			proxyType = 1;
			remoteGlobalIDString = D3B92AC42E06C8BB0056FE98;
			remoteInfo = "Xcancelator iOS";
		};
		D3B92ADC2E06C8BC0056FE98 /* PBXContainerItemProxy */ = {
			isa = PBXContainerItemProxy;
			containerPortal = D3A397202E06B7F200A26024 /* Project object */;
			proxyType = 1;
			remoteGlobalIDString = D3B92AC42E06C8BB0056FE98;
			remoteInfo = "Xcancelator iOS";
		};
		D3B92AF72E06C8F60056FE98 /* PBXContainerItemProxy */ = {
			isa = PBXContainerItemProxy;
			containerPortal = D3A397202E06B7F200A26024 /* Project object */;
			proxyType = 1;
			remoteGlobalIDString = D3CA931E2E06C2F900595769;
			remoteInfo = "Xcancelator Extension iOS";
		};
		D3B92AFA2E06C9150056FE98 /* PBXContainerItemProxy */ = {
			isa = PBXContainerItemProxy;
			containerPortal = D3A397202E06B7F200A26024 /* Project object */;
			proxyType = 1;
			remoteGlobalIDString = D3CA931E2E06C2F900595769;
			remoteInfo = "Xcancelator Extension iOS";
		};
		D3B92AFC2E06C9700056FE98 /* PBXContainerItemProxy */ = {
			isa = PBXContainerItemProxy;
			containerPortal = D3A397202E06B7F200A26024 /* Project object */;
			proxyType = 1;
			remoteGlobalIDString = D3CA931E2E06C2F900595769;
			remoteInfo = "Xcancelator Extension iOS";
		};
		D3B92AFE2E06C9CA0056FE98 /* PBXContainerItemProxy */ = {
			isa = PBXContainerItemProxy;
			containerPortal = D3A397202E06B7F200A26024 /* Project object */;
			proxyType = 1;
			remoteGlobalIDString = D3CA931E2E06C2F900595769;
			remoteInfo = "Xcancelator Extension iOS";
		};
/* End PBXContainerItemProxy section */

/* Begin PBXCopyFilesBuildPhase section */
		D3A3977A2E06B7F300A26024 /* Embed Foundation Extensions */ = {
			isa = PBXCopyFilesBuildPhase;
			buildActionMask = 2147483647;
			dstPath = "";
			dstSubfolderSpec = 13;
			files = (
				D3A3975B2E06B7F300A26024 /* Xcancelator Extension.appex in Embed Foundation Extensions */,
			);
			name = "Embed Foundation Extensions";
			runOnlyForDeploymentPostprocessing = 0;
		};
		D3B92AF92E06C8F60056FE98 /* Embed Foundation Extensions */ = {
			isa = PBXCopyFilesBuildPhase;
			buildActionMask = 2147483647;
			dstPath = "";
			dstSubfolderSpec = 13;
			files = (
				D3B92AF62E06C8F60056FE98 /* Xcancelator Extension iOS.appex in Embed Foundation Extensions */,
			);
			name = "Embed Foundation Extensions";
			runOnlyForDeploymentPostprocessing = 0;
		};
/* End PBXCopyFilesBuildPhase section */

/* Begin PBXFileReference section */
		D3A397282E06B7F200A26024 /* Xcancelator.app */ = {isa = PBXFileReference; explicitFileType = wrapper.application; includeInIndex = 0; path = Xcancelator.app; sourceTree = BUILT_PRODUCTS_DIR; };
		D3A397442E06B7F300A26024 /* XcancelatorTests.xctest */ = {isa = PBXFileReference; explicitFileType = wrapper.cfbundle; includeInIndex = 0; path = XcancelatorTests.xctest; sourceTree = BUILT_PRODUCTS_DIR; };
		D3A3974E2E06B7F300A26024 /* XcancelatorUITests.xctest */ = {isa = PBXFileReference; explicitFileType = wrapper.cfbundle; includeInIndex = 0; path = XcancelatorUITests.xctest; sourceTree = BUILT_PRODUCTS_DIR; };
		D3A3975A2E06B7F300A26024 /* Xcancelator Extension.appex */ = {isa = PBXFileReference; explicitFileType = "wrapper.app-extension"; includeInIndex = 0; path = "Xcancelator Extension.appex"; sourceTree = BUILT_PRODUCTS_DIR; };
		D3B92AC52E06C8BB0056FE98 /* Xcancelator iOS.app */ = {isa = PBXFileReference; explicitFileType = wrapper.application; includeInIndex = 0; path = "Xcancelator iOS.app"; sourceTree = BUILT_PRODUCTS_DIR; };
		D3B92AD12E06C8BC0056FE98 /* Xcancelator iOSTests.xctest */ = {isa = PBXFileReference; explicitFileType = wrapper.cfbundle; includeInIndex = 0; path = "Xcancelator iOSTests.xctest"; sourceTree = BUILT_PRODUCTS_DIR; };
		D3B92ADB2E06C8BC0056FE98 /* Xcancelator iOSUITests.xctest */ = {isa = PBXFileReference; explicitFileType = wrapper.cfbundle; includeInIndex = 0; path = "Xcancelator iOSUITests.xctest"; sourceTree = BUILT_PRODUCTS_DIR; };
		D3CA931F2E06C2F900595769 /* Xcancelator Extension iOS.appex */ = {isa = PBXFileReference; explicitFileType = "wrapper.app-extension"; includeInIndex = 0; path = "Xcancelator Extension iOS.appex"; sourceTree = BUILT_PRODUCTS_DIR; };
/* End PBXFileReference section */

/* Begin PBXFileSystemSynchronizedBuildFileExceptionSet section */
		D3A397742E06B7F300A26024 /* Exceptions for "Xcancelator Extension" folder in "Xcancelator Extension" target */ = {
			isa = PBXFileSystemSynchronizedBuildFileExceptionSet;
			membershipExceptions = (
				Info.plist,
			);
			target = D3A397592E06B7F300A26024 /* Xcancelator Extension */;
		};
		D3B92B002E06CA9D0056FE98 /* Exceptions for "Xcancelator iOS" folder in "Xcancelator iOS" target */ = {
			isa = PBXFileSystemSynchronizedBuildFileExceptionSet;
			membershipExceptions = (
				Info.plist,
			);
			target = D3B92AC42E06C8BB0056FE98 /* Xcancelator iOS */;
		};
		D3CA93372E06C2FA00595769 /* Exceptions for "Xcancelator Extension iOS" folder in "Xcancelator Extension iOS" target */ = {
			isa = PBXFileSystemSynchronizedBuildFileExceptionSet;
			membershipExceptions = (
				Info.plist,
			);
			target = D3CA931E2E06C2F900595769 /* Xcancelator Extension iOS */;
		};
		D3CA933A2E06C40400595769 /* Exceptions for "Xcancelator Extension" folder in "Xcancelator Extension iOS" target */ = {
			isa = PBXFileSystemSynchronizedBuildFileExceptionSet;
			membershipExceptions = (
				Resources/_locales,
				Resources/content.js,
				Resources/images,
				Resources/manifest.json,
				Resources/popup.html,
			);
			target = D3CA931E2E06C2F900595769 /* Xcancelator Extension iOS */;
		};
/* End PBXFileSystemSynchronizedBuildFileExceptionSet section */

/* Begin PBXFileSystemSynchronizedRootGroup section */
		D3A3972A2E06B7F200A26024 /* Xcancelator */ = {
			isa = PBXFileSystemSynchronizedRootGroup;
			path = Xcancelator;
			sourceTree = "<group>";
		};
		D3A397472E06B7F300A26024 /* XcancelatorTests */ = {
			isa = PBXFileSystemSynchronizedRootGroup;
			path = XcancelatorTests;
			sourceTree = "<group>";
		};
		D3A397512E06B7F300A26024 /* XcancelatorUITests */ = {
			isa = PBXFileSystemSynchronizedRootGroup;
			path = XcancelatorUITests;
			sourceTree = "<group>";
		};
		D3A3975E2E06B7F300A26024 /* Xcancelator Extension */ = {
			isa = PBXFileSystemSynchronizedRootGroup;
			exceptions = (
				D3A397742E06B7F300A26024 /* Exceptions for "Xcancelator Extension" folder in "Xcancelator Extension" target */,
				D3CA933A2E06C40400595769 /* Exceptions for "Xcancelator Extension" folder in "Xcancelator Extension iOS" target */,
			);
			explicitFolders = (
				Resources/_locales,
				Resources/images,
			);
			path = "Xcancelator Extension";
			sourceTree = "<group>";
		};
		D3B92AC62E06C8BB0056FE98 /* Xcancelator iOS */ = {
			isa = PBXFileSystemSynchronizedRootGroup;
			exceptions = (
				D3B92B002E06CA9D0056FE98 /* Exceptions for "Xcancelator iOS" folder in "Xcancelator iOS" target */,
			);
			path = "Xcancelator iOS";
			sourceTree = "<group>";
		};
		D3B92AD42E06C8BC0056FE98 /* Xcancelator iOSTests */ = {
			isa = PBXFileSystemSynchronizedRootGroup;
			path = "Xcancelator iOSTests";
			sourceTree = "<group>";
		};
		D3B92ADE2E06C8BC0056FE98 /* Xcancelator iOSUITests */ = {
			isa = PBXFileSystemSynchronizedRootGroup;
			path = "Xcancelator iOSUITests";
			sourceTree = "<group>";
		};
		D3CA93202E06C2F900595769 /* Xcancelator Extension iOS */ = {
			isa = PBXFileSystemSynchronizedRootGroup;
			exceptions = (
				D3CA93372E06C2FA00595769 /* Exceptions for "Xcancelator Extension iOS" folder in "Xcancelator Extension iOS" target */,
			);
			path = "Xcancelator Extension iOS";
			sourceTree = "<group>";
		};
/* End PBXFileSystemSynchronizedRootGroup section */

/* Begin PBXFrameworksBuildPhase section */
		D3A397252E06B7F200A26024 /* Frameworks */ = {
			isa = PBXFrameworksBuildPhase;
			buildActionMask = 2147483647;
			files = (
			);
			runOnlyForDeploymentPostprocessing = 0;
		};
		D3A397412E06B7F300A26024 /* Frameworks */ = {
			isa = PBXFrameworksBuildPhase;
			buildActionMask = 2147483647;
			files = (
			);
			runOnlyForDeploymentPostprocessing = 0;
		};
		D3A3974B2E06B7F300A26024 /* Frameworks */ = {
			isa = PBXFrameworksBuildPhase;
			buildActionMask = 2147483647;
			files = (
			);
			runOnlyForDeploymentPostprocessing = 0;
		};
		D3A397572E06B7F300A26024 /* Frameworks */ = {
			isa = PBXFrameworksBuildPhase;
			buildActionMask = 2147483647;
			files = (
			);
			runOnlyForDeploymentPostprocessing = 0;
		};
		D3B92AC22E06C8BB0056FE98 /* Frameworks */ = {
			isa = PBXFrameworksBuildPhase;
			buildActionMask = 2147483647;
			files = (
			);
			runOnlyForDeploymentPostprocessing = 0;
		};
		D3B92ACE2E06C8BC0056FE98 /* Frameworks */ = {
			isa = PBXFrameworksBuildPhase;
			buildActionMask = 2147483647;
			files = (
			);
			runOnlyForDeploymentPostprocessing = 0;
		};
		D3B92AD82E06C8BC0056FE98 /* Frameworks */ = {
			isa = PBXFrameworksBuildPhase;
			buildActionMask = 2147483647;
			files = (
			);
			runOnlyForDeploymentPostprocessing = 0;
		};
		D3CA931C2E06C2F900595769 /* Frameworks */ = {
			isa = PBXFrameworksBuildPhase;
			buildActionMask = 2147483647;
			files = (
			);
			runOnlyForDeploymentPostprocessing = 0;
		};
/* End PBXFrameworksBuildPhase section */

/* Begin PBXGroup section */
		D3A3971F2E06B7F200A26024 = {
			isa = PBXGroup;
			children = (
				D3A3972A2E06B7F200A26024 /* Xcancelator */,
				D3A397472E06B7F300A26024 /* XcancelatorTests */,
				D3A397512E06B7F300A26024 /* XcancelatorUITests */,
				D3A3975E2E06B7F300A26024 /* Xcancelator Extension */,
				D3CA93202E06C2F900595769 /* Xcancelator Extension iOS */,
				D3B92AC62E06C8BB0056FE98 /* Xcancelator iOS */,
				D3B92AD42E06C8BC0056FE98 /* Xcancelator iOSTests */,
				D3B92ADE2E06C8BC0056FE98 /* Xcancelator iOSUITests */,
				D3B92AF52E06C8F60056FE98 /* Frameworks */,
				D3A397292E06B7F200A26024 /* Products */,
			);
			sourceTree = "<group>";
		};
		D3A397292E06B7F200A26024 /* Products */ = {
			isa = PBXGroup;
			children = (
				D3A397282E06B7F200A26024 /* Xcancelator.app */,
				D3A397442E06B7F300A26024 /* XcancelatorTests.xctest */,
				D3A3974E2E06B7F300A26024 /* XcancelatorUITests.xctest */,
				D3A3975A2E06B7F300A26024 /* Xcancelator Extension.appex */,
				D3CA931F2E06C2F900595769 /* Xcancelator Extension iOS.appex */,
				D3B92AC52E06C8BB0056FE98 /* Xcancelator iOS.app */,
				D3B92AD12E06C8BC0056FE98 /* Xcancelator iOSTests.xctest */,
				D3B92ADB2E06C8BC0056FE98 /* Xcancelator iOSUITests.xctest */,
			);
			name = Products;
			sourceTree = "<group>";
		};
		D3B92AF52E06C8F60056FE98 /* Frameworks */ = {
			isa = PBXGroup;
			children = (
			);
			name = Frameworks;
			sourceTree = "<group>";
		};
/* End PBXGroup section */

/* Begin PBXNativeTarget section */
		D3A397272E06B7F200A26024 /* Xcancelator */ = {
			isa = PBXNativeTarget;
			buildConfigurationList = D3A3977B2E06B7F300A26024 /* Build configuration list for PBXNativeTarget "Xcancelator" */;
			buildPhases = (
				D3A397242E06B7F200A26024 /* Sources */,
				D3A397252E06B7F200A26024 /* Frameworks */,
				D3A397262E06B7F200A26024 /* Resources */,
				D3A3977A2E06B7F300A26024 /* Embed Foundation Extensions */,
			);
			buildRules = (
			);
			dependencies = (
				D3A3975D2E06B7F300A26024 /* PBXTargetDependency */,
			);
			fileSystemSynchronizedGroups = (
				D3A3972A2E06B7F200A26024 /* Xcancelator */,
			);
			name = Xcancelator;
			packageProductDependencies = (
			);
			productName = Xcancelator;
			productReference = D3A397282E06B7F200A26024 /* Xcancelator.app */;
			productType = "com.apple.product-type.application";
		};
		D3A397432E06B7F300A26024 /* XcancelatorTests */ = {
			isa = PBXNativeTarget;
			buildConfigurationList = D3A3977E2E06B7F300A26024 /* Build configuration list for PBXNativeTarget "XcancelatorTests" */;
			buildPhases = (
				D3A397402E06B7F300A26024 /* Sources */,
				D3A397412E06B7F300A26024 /* Frameworks */,
				D3A397422E06B7F300A26024 /* Resources */,
			);
			buildRules = (
			);
			dependencies = (
				D3A397462E06B7F300A26024 /* PBXTargetDependency */,
			);
			fileSystemSynchronizedGroups = (
				D3A397472E06B7F300A26024 /* XcancelatorTests */,
			);
			name = XcancelatorTests;
			packageProductDependencies = (
			);
			productName = XcancelatorTests;
			productReference = D3A397442E06B7F300A26024 /* XcancelatorTests.xctest */;
			productType = "com.apple.product-type.bundle.unit-test";
		};
		D3A3974D2E06B7F300A26024 /* XcancelatorUITests */ = {
			isa = PBXNativeTarget;
			buildConfigurationList = D3A397812E06B7F300A26024 /* Build configuration list for PBXNativeTarget "XcancelatorUITests" */;
			buildPhases = (
				D3A3974A2E06B7F300A26024 /* Sources */,
				D3A3974B2E06B7F300A26024 /* Frameworks */,
				D3A3974C2E06B7F300A26024 /* Resources */,
			);
			buildRules = (
			);
			dependencies = (
				D3A397502E06B7F300A26024 /* PBXTargetDependency */,
			);
			fileSystemSynchronizedGroups = (
				D3A397512E06B7F300A26024 /* XcancelatorUITests */,
			);
			name = XcancelatorUITests;
			packageProductDependencies = (
			);
			productName = XcancelatorUITests;
			productReference = D3A3974E2E06B7F300A26024 /* XcancelatorUITests.xctest */;
			productType = "com.apple.product-type.bundle.ui-testing";
		};
		D3A397592E06B7F300A26024 /* Xcancelator Extension */ = {
			isa = PBXNativeTarget;
			buildConfigurationList = D3A397752E06B7F300A26024 /* Build configuration list for PBXNativeTarget "Xcancelator Extension" */;
			buildPhases = (
				D3A397562E06B7F300A26024 /* Sources */,
				D3A397572E06B7F300A26024 /* Frameworks */,
				D3A397582E06B7F300A26024 /* Resources */,
			);
			buildRules = (
			);
			dependencies = (
			);
			fileSystemSynchronizedGroups = (
				D3A3975E2E06B7F300A26024 /* Xcancelator Extension */,
			);
			name = "Xcancelator Extension";
			packageProductDependencies = (
			);
			productName = "Xcancelator Extension";
			productReference = D3A3975A2E06B7F300A26024 /* Xcancelator Extension.appex */;
			productType = "com.apple.product-type.app-extension";
		};
		D3B92AC42E06C8BB0056FE98 /* Xcancelator iOS */ = {
			isa = PBXNativeTarget;
			buildConfigurationList = D3B92AE92E06C8BC0056FE98 /* Build configuration list for PBXNativeTarget "Xcancelator iOS" */;
			buildPhases = (
				D3B92AC12E06C8BB0056FE98 /* Sources */,
				D3B92AC22E06C8BB0056FE98 /* Frameworks */,
				D3B92AC32E06C8BB0056FE98 /* Resources */,
				D3B92AF92E06C8F60056FE98 /* Embed Foundation Extensions */,
			);
			buildRules = (
			);
			dependencies = (
				D3B92AF82E06C8F60056FE98 /* PBXTargetDependency */,
				D3B92AFB2E06C9150056FE98 /* PBXTargetDependency */,
				D3B92AFD2E06C9700056FE98 /* PBXTargetDependency */,
				D3B92AFF2E06C9CA0056FE98 /* PBXTargetDependency */,
			);
			fileSystemSynchronizedGroups = (
				D3B92AC62E06C8BB0056FE98 /* Xcancelator iOS */,
			);
			name = "Xcancelator iOS";
			packageProductDependencies = (
			);
			productName = "Xcancelator iOS";
			productReference = D3B92AC52E06C8BB0056FE98 /* Xcancelator iOS.app */;
			productType = "com.apple.product-type.application";
		};
		D3B92AD02E06C8BC0056FE98 /* Xcancelator iOSTests */ = {
			isa = PBXNativeTarget;
			buildConfigurationList = D3B92AEA2E06C8BC0056FE98 /* Build configuration list for PBXNativeTarget "Xcancelator iOSTests" */;
			buildPhases = (
				D3B92ACD2E06C8BC0056FE98 /* Sources */,
				D3B92ACE2E06C8BC0056FE98 /* Frameworks */,
				D3B92ACF2E06C8BC0056FE98 /* Resources */,
			);
			buildRules = (
			);
			dependencies = (
				D3B92AD32E06C8BC0056FE98 /* PBXTargetDependency */,
			);
			fileSystemSynchronizedGroups = (
				D3B92AD42E06C8BC0056FE98 /* Xcancelator iOSTests */,
			);
			name = "Xcancelator iOSTests";
			packageProductDependencies = (
			);
			productName = "Xcancelator iOSTests";
			productReference = D3B92AD12E06C8BC0056FE98 /* Xcancelator iOSTests.xctest */;
			productType = "com.apple.product-type.bundle.unit-test";
		};
		D3B92ADA2E06C8BC0056FE98 /* Xcancelator iOSUITests */ = {
			isa = PBXNativeTarget;
			buildConfigurationList = D3B92AEB2E06C8BC0056FE98 /* Build configuration list for PBXNativeTarget "Xcancelator iOSUITests" */;
			buildPhases = (
				D3B92AD72E06C8BC0056FE98 /* Sources */,
				D3B92AD82E06C8BC0056FE98 /* Frameworks */,
				D3B92AD92E06C8BC0056FE98 /* Resources */,
			);
			buildRules = (
			);
			dependencies = (
				D3B92ADD2E06C8BC0056FE98 /* PBXTargetDependency */,
			);
			fileSystemSynchronizedGroups = (
				D3B92ADE2E06C8BC0056FE98 /* Xcancelator iOSUITests */,
			);
			name = "Xcancelator iOSUITests";
			packageProductDependencies = (
			);
			productName = "Xcancelator iOSUITests";
			productReference = D3B92ADB2E06C8BC0056FE98 /* Xcancelator iOSUITests.xctest */;
			productType = "com.apple.product-type.bundle.ui-testing";
		};
		D3CA931E2E06C2F900595769 /* Xcancelator Extension iOS */ = {
			isa = PBXNativeTarget;
			buildConfigurationList = D3CA93382E06C2FA00595769 /* Build configuration list for PBXNativeTarget "Xcancelator Extension iOS" */;
			buildPhases = (
				D3CA931B2E06C2F900595769 /* Sources */,
				D3CA931C2E06C2F900595769 /* Frameworks */,
				D3CA931D2E06C2F900595769 /* Resources */,
			);
			buildRules = (
			);
			dependencies = (
			);
			fileSystemSynchronizedGroups = (
				D3CA93202E06C2F900595769 /* Xcancelator Extension iOS */,
			);
			name = "Xcancelator Extension iOS";
			packageProductDependencies = (
			);
			productName = "Xcancelator Extension iOS";
			productReference = D3CA931F2E06C2F900595769 /* Xcancelator Extension iOS.appex */;
			productType = "com.apple.product-type.app-extension";
		};
/* End PBXNativeTarget section */

/* Begin PBXProject section */
		D3A397202E06B7F200A26024 /* Project object */ = {
			isa = PBXProject;
			attributes = {
				BuildIndependentTargetsInParallel = 1;
				LastSwiftUpdateCheck = 1640;
				LastUpgradeCheck = 1640;
				TargetAttributes = {
					D3A397272E06B7F200A26024 = {
						CreatedOnToolsVersion = 16.4;
					};
					D3A397432E06B7F300A26024 = {
						CreatedOnToolsVersion = 16.4;
						TestTargetID = D3A397272E06B7F200A26024;
					};
					D3A3974D2E06B7F300A26024 = {
						CreatedOnToolsVersion = 16.4;
						TestTargetID = D3A397272E06B7F200A26024;
					};
					D3A397592E06B7F300A26024 = {
						CreatedOnToolsVersion = 16.4;
					};
					D3B92AC42E06C8BB0056FE98 = {
						CreatedOnToolsVersion = 16.4;
					};
					D3B92AD02E06C8BC0056FE98 = {
						CreatedOnToolsVersion = 16.4;
						TestTargetID = D3B92AC42E06C8BB0056FE98;
					};
					D3B92ADA2E06C8BC0056FE98 = {
						CreatedOnToolsVersion = 16.4;
						TestTargetID = D3B92AC42E06C8BB0056FE98;
					};
					D3CA931E2E06C2F900595769 = {
						CreatedOnToolsVersion = 16.4;
					};
				};
			};
			buildConfigurationList = D3A397232E06B7F200A26024 /* Build configuration list for PBXProject "Xcancelator" */;
			developmentRegion = en;
			hasScannedForEncodings = 0;
			knownRegions = (
				en,
				Base,
			);
			mainGroup = D3A3971F2E06B7F200A26024;
			minimizedProjectReferenceProxies = 1;
			preferredProjectObjectVersion = 77;
			productRefGroup = D3A397292E06B7F200A26024 /* Products */;
			projectDirPath = "";
			projectRoot = "";
			targets = (
				D3A397272E06B7F200A26024 /* Xcancelator */,
				D3A397432E06B7F300A26024 /* XcancelatorTests */,
				D3A3974D2E06B7F300A26024 /* XcancelatorUITests */,
				D3A397592E06B7F300A26024 /* Xcancelator Extension */,
				D3CA931E2E06C2F900595769 /* Xcancelator Extension iOS */,
				D3B92AC42E06C8BB0056FE98 /* Xcancelator iOS */,
				D3B92AD02E06C8BC0056FE98 /* Xcancelator iOSTests */,
				D3B92ADA2E06C8BC0056FE98 /* Xcancelator iOSUITests */,
			);
		};
/* End PBXProject section */

/* Begin PBXResourcesBuildPhase section */
		D3A397262E06B7F200A26024 /* Resources */ = {
			isa = PBXResourcesBuildPhase;
			buildActionMask = 2147483647;
			files = (
			);
			runOnlyForDeploymentPostprocessing = 0;
		};
		D3A397422E06B7F300A26024 /* Resources */ = {
			isa = PBXResourcesBuildPhase;
			buildActionMask = 2147483647;
			files = (
			);
			runOnlyForDeploymentPostprocessing = 0;
		};
		D3A3974C2E06B7F300A26024 /* Resources */ = {
			isa = PBXResourcesBuildPhase;
			buildActionMask = 2147483647;
			files = (
			);
			runOnlyForDeploymentPostprocessing = 0;
		};
		D3A397582E06B7F300A26024 /* Resources */ = {
			isa = PBXResourcesBuildPhase;
			buildActionMask = 2147483647;
			files = (
			);
			runOnlyForDeploymentPostprocessing = 0;
		};
		D3B92AC32E06C8BB0056FE98 /* Resources */ = {
			isa = PBXResourcesBuildPhase;
			buildActionMask = 2147483647;
			files = (
			);
			runOnlyForDeploymentPostprocessing = 0;
		};
		D3B92ACF2E06C8BC0056FE98 /* Resources */ = {
			isa = PBXResourcesBuildPhase;
			buildActionMask = 2147483647;
			files = (
			);
			runOnlyForDeploymentPostprocessing = 0;
		};
		D3B92AD92E06C8BC0056FE98 /* Resources */ = {
			isa = PBXResourcesBuildPhase;
			buildActionMask = 2147483647;
			files = (
			);
			runOnlyForDeploymentPostprocessing = 0;
		};
		D3CA931D2E06C2F900595769 /* Resources */ = {
			isa = PBXResourcesBuildPhase;
			buildActionMask = 2147483647;
			files = (
			);
			runOnlyForDeploymentPostprocessing = 0;
		};
/* End PBXResourcesBuildPhase section */

/* Begin PBXSourcesBuildPhase section */
		D3A397242E06B7F200A26024 /* Sources */ = {
			isa = PBXSourcesBuildPhase;
			buildActionMask = 2147483647;
			files = (
			);
			runOnlyForDeploymentPostprocessing = 0;
		};
		D3A397402E06B7F300A26024 /* Sources */ = {
			isa = PBXSourcesBuildPhase;
			buildActionMask = 2147483647;
			files = (
			);
			runOnlyForDeploymentPostprocessing = 0;
		};
		D3A3974A2E06B7F300A26024 /* Sources */ = {
			isa = PBXSourcesBuildPhase;
			buildActionMask = 2147483647;
			files = (
			);
			runOnlyForDeploymentPostprocessing = 0;
		};
		D3A397562E06B7F300A26024 /* Sources */ = {
			isa = PBXSourcesBuildPhase;
			buildActionMask = 2147483647;
			files = (
			);
			runOnlyForDeploymentPostprocessing = 0;
		};
		D3B92AC12E06C8BB0056FE98 /* Sources */ = {
			isa = PBXSourcesBuildPhase;
			buildActionMask = 2147483647;
			files = (
			);
			runOnlyForDeploymentPostprocessing = 0;
		};
		D3B92ACD2E06C8BC0056FE98 /* Sources */ = {
			isa = PBXSourcesBuildPhase;
			buildActionMask = 2147483647;
			files = (
			);
			runOnlyForDeploymentPostprocessing = 0;
		};
		D3B92AD72E06C8BC0056FE98 /* Sources */ = {
			isa = PBXSourcesBuildPhase;
			buildActionMask = 2147483647;
			files = (
			);
			runOnlyForDeploymentPostprocessing = 0;
		};
		D3CA931B2E06C2F900595769 /* Sources */ = {
			isa = PBXSourcesBuildPhase;
			buildActionMask = 2147483647;
			files = (
			);
			runOnlyForDeploymentPostprocessing = 0;
		};
/* End PBXSourcesBuildPhase section */

/* Begin PBXTargetDependency section */
		D3A397462E06B7F300A26024 /* PBXTargetDependency */ = {
			isa = PBXTargetDependency;
			target = D3A397272E06B7F200A26024 /* Xcancelator */;
			targetProxy = D3A397452E06B7F300A26024 /* PBXContainerItemProxy */;
		};
		D3A397502E06B7F300A26024 /* PBXTargetDependency */ = {
			isa = PBXTargetDependency;
			target = D3A397272E06B7F200A26024 /* Xcancelator */;
			targetProxy = D3A3974F2E06B7F300A26024 /* PBXContainerItemProxy */;
		};
		D3A3975D2E06B7F300A26024 /* PBXTargetDependency */ = {
			isa = PBXTargetDependency;
			target = D3A397592E06B7F300A26024 /* Xcancelator Extension */;
			targetProxy = D3A3975C2E06B7F300A26024 /* PBXContainerItemProxy */;
		};
		D3B92AD32E06C8BC0056FE98 /* PBXTargetDependency */ = {
			isa = PBXTargetDependency;
			target = D3B92AC42E06C8BB0056FE98 /* Xcancelator iOS */;
			targetProxy = D3B92AD22E06C8BC0056FE98 /* PBXContainerItemProxy */;
		};
		D3B92ADD2E06C8BC0056FE98 /* PBXTargetDependency */ = {
			isa = PBXTargetDependency;
			target = D3B92AC42E06C8BB0056FE98 /* Xcancelator iOS */;
			targetProxy = D3B92ADC2E06C8BC0056FE98 /* PBXContainerItemProxy */;
		};
		D3B92AF82E06C8F60056FE98 /* PBXTargetDependency */ = {
			isa = PBXTargetDependency;
			target = D3CA931E2E06C2F900595769 /* Xcancelator Extension iOS */;
			targetProxy = D3B92AF72E06C8F60056FE98 /* PBXContainerItemProxy */;
		};
		D3B92AFB2E06C9150056FE98 /* PBXTargetDependency */ = {
			isa = PBXTargetDependency;
			target = D3CA931E2E06C2F900595769 /* Xcancelator Extension iOS */;
			targetProxy = D3B92AFA2E06C9150056FE98 /* PBXContainerItemProxy */;
		};
		D3B92AFD2E06C9700056FE98 /* PBXTargetDependency */ = {
			isa = PBXTargetDependency;
			target = D3CA931E2E06C2F900595769 /* Xcancelator Extension iOS */;
			targetProxy = D3B92AFC2E06C9700056FE98 /* PBXContainerItemProxy */;
		};
		D3B92AFF2E06C9CA0056FE98 /* PBXTargetDependency */ = {
			isa = PBXTargetDependency;
			target = D3CA931E2E06C2F900595769 /* Xcancelator Extension iOS */;
			targetProxy = D3B92AFE2E06C9CA0056FE98 /* PBXContainerItemProxy */;
		};
/* End PBXTargetDependency section */

/* Begin XCBuildConfiguration section */
		D3A397762E06B7F300A26024 /* Debug */ = {
			isa = XCBuildConfiguration;
			buildSettings = {
				CODE_SIGN_ENTITLEMENTS = "Xcancelator Extension/Xcancelator_Extension.entitlements";
				CODE_SIGN_STYLE = Automatic;
				CURRENT_PROJECT_VERSION = 1;
				DEVELOPMENT_TEAM = R29WN6MCN4;
				ENABLE_HARDENED_RUNTIME = YES;
				GENERATE_INFOPLIST_FILE = YES;
				INFOPLIST_FILE = "Xcancelator Extension/Info.plist";
				INFOPLIST_KEY_CFBundleDisplayName = "Xcancelator Extension";
				INFOPLIST_KEY_NSHumanReadableCopyright = "";
				LD_RUNPATH_SEARCH_PATHS = (
					"$(inherited)",
					"@executable_path/../Frameworks",
					"@executable_path/../../../../Frameworks",
				);
				MACOSX_DEPLOYMENT_TARGET = 15.0;
				MARKETING_VERSION = 1.0;
				OTHER_LDFLAGS = (
					"-framework",
					SafariServices,
				);
				PRODUCT_BUNDLE_IDENTIFIER = com.albertopaz.Xcancelator.Extension;
				PRODUCT_NAME = "$(TARGET_NAME)";
				SKIP_INSTALL = YES;
				SWIFT_EMIT_LOC_STRINGS = YES;
				SWIFT_VERSION = 5.0;
			};
			name = Debug;
		};
		D3A397772E06B7F300A26024 /* Release */ = {
			isa = XCBuildConfiguration;
			buildSettings = {
				CODE_SIGN_ENTITLEMENTS = "Xcancelator Extension/Xcancelator_Extension.entitlements";
				CODE_SIGN_STYLE = Automatic;
				CURRENT_PROJECT_VERSION = 1;
				DEVELOPMENT_TEAM = R29WN6MCN4;
				ENABLE_HARDENED_RUNTIME = YES;
				GENERATE_INFOPLIST_FILE = YES;
				INFOPLIST_FILE = "Xcancelator Extension/Info.plist";
				INFOPLIST_KEY_CFBundleDisplayName = "Xcancelator Extension";
				INFOPLIST_KEY_NSHumanReadableCopyright = "";
				LD_RUNPATH_SEARCH_PATHS = (
					"$(inherited)",
					"@executable_path/../Frameworks",
					"@executable_path/../../../../Frameworks",
				);
				MACOSX_DEPLOYMENT_TARGET = 15.0;
				MARKETING_VERSION = 1.0;
				OTHER_LDFLAGS = (
					"-framework",
					SafariServices,
				);
				PRODUCT_BUNDLE_IDENTIFIER = com.albertopaz.Xcancelator.Extension;
				PRODUCT_NAME = "$(TARGET_NAME)";
				SKIP_INSTALL = YES;
				SWIFT_EMIT_LOC_STRINGS = YES;
				SWIFT_VERSION = 5.0;
			};
			name = Release;
		};
		D3A397782E06B7F300A26024 /* Debug */ = {
			isa = XCBuildConfiguration;
			buildSettings = {
				ALWAYS_SEARCH_USER_PATHS = NO;
				ASSETCATALOG_COMPILER_GENERATE_SWIFT_ASSET_SYMBOL_EXTENSIONS = YES;
				CLANG_ANALYZER_NONNULL = YES;
				CLANG_ANALYZER_NUMBER_OBJECT_CONVERSION = YES_AGGRESSIVE;
				CLANG_CXX_LANGUAGE_STANDARD = "gnu++20";
				CLANG_ENABLE_MODULES = YES;
				CLANG_ENABLE_OBJC_ARC = YES;
				CLANG_ENABLE_OBJC_WEAK = YES;
				CLANG_WARN_BLOCK_CAPTURE_AUTORELEASING = YES;
				CLANG_WARN_BOOL_CONVERSION = YES;
				CLANG_WARN_COMMA = YES;
				CLANG_WARN_CONSTANT_CONVERSION = YES;
				CLANG_WARN_DEPRECATED_OBJC_IMPLEMENTATIONS = YES;
				CLANG_WARN_DIRECT_OBJC_ISA_USAGE = YES_ERROR;
				CLANG_WARN_DOCUMENTATION_COMMENTS = YES;
				CLANG_WARN_EMPTY_BODY = YES;
				CLANG_WARN_ENUM_CONVERSION = YES;
				CLANG_WARN_INFINITE_RECURSION = YES;
				CLANG_WARN_INT_CONVERSION = YES;
				CLANG_WARN_NON_LITERAL_NULL_CONVERSION = YES;
				CLANG_WARN_OBJC_IMPLICIT_RETAIN_SELF = YES;
				CLANG_WARN_OBJC_LITERAL_CONVERSION = YES;
				CLANG_WARN_OBJC_ROOT_CLASS = YES_ERROR;
				CLANG_WARN_QUOTED_INCLUDE_IN_FRAMEWORK_HEADER = YES;
				CLANG_WARN_RANGE_LOOP_ANALYSIS = YES;
				CLANG_WARN_STRICT_PROTOTYPES = YES;
				CLANG_WARN_SUSPICIOUS_MOVE = YES;
				CLANG_WARN_UNGUARDED_AVAILABILITY = YES_AGGRESSIVE;
				CLANG_WARN_UNREACHABLE_CODE = YES;
				CLANG_WARN__DUPLICATE_METHOD_MATCH = YES;
				COPY_PHASE_STRIP = NO;
				DEBUG_INFORMATION_FORMAT = dwarf;
				DEVELOPMENT_TEAM = R29WN6MCN4;
				ENABLE_STRICT_OBJC_MSGSEND = YES;
				ENABLE_TESTABILITY = YES;
				ENABLE_USER_SCRIPT_SANDBOXING = YES;
				GCC_C_LANGUAGE_STANDARD = gnu17;
				GCC_DYNAMIC_NO_PIC = NO;
				GCC_NO_COMMON_BLOCKS = YES;
				GCC_OPTIMIZATION_LEVEL = 0;
				GCC_PREPROCESSOR_DEFINITIONS = (
					"DEBUG=1",
					"$(inherited)",
				);
				GCC_WARN_64_TO_32_BIT_CONVERSION = YES;
				GCC_WARN_ABOUT_RETURN_TYPE = YES_ERROR;
				GCC_WARN_UNDECLARED_SELECTOR = YES;
				GCC_WARN_UNINITIALIZED_AUTOS = YES_AGGRESSIVE;
				GCC_WARN_UNUSED_FUNCTION = YES;
				GCC_WARN_UNUSED_VARIABLE = YES;
				LOCALIZATION_PREFERS_STRING_CATALOGS = YES;
				MACOSX_DEPLOYMENT_TARGET = 15.5;
				MTL_ENABLE_DEBUG_INFO = INCLUDE_SOURCE;
				MTL_FAST_MATH = YES;
				ONLY_ACTIVE_ARCH = YES;
				SDKROOT = macosx;
				SWIFT_ACTIVE_COMPILATION_CONDITIONS = "DEBUG $(inherited)";
				SWIFT_OPTIMIZATION_LEVEL = "-Onone";
			};
			name = Debug;
		};
		D3A397792E06B7F300A26024 /* Release */ = {
			isa = XCBuildConfiguration;
			buildSettings = {
				ALWAYS_SEARCH_USER_PATHS = NO;
				ASSETCATALOG_COMPILER_GENERATE_SWIFT_ASSET_SYMBOL_EXTENSIONS = YES;
				CLANG_ANALYZER_NONNULL = YES;
				CLANG_ANALYZER_NUMBER_OBJECT_CONVERSION = YES_AGGRESSIVE;
				CLANG_CXX_LANGUAGE_STANDARD = "gnu++20";
				CLANG_ENABLE_MODULES = YES;
				CLANG_ENABLE_OBJC_ARC = YES;
				CLANG_ENABLE_OBJC_WEAK = YES;
				CLANG_WARN_BLOCK_CAPTURE_AUTORELEASING = YES;
				CLANG_WARN_BOOL_CONVERSION = YES;
				CLANG_WARN_COMMA = YES;
				CLANG_WARN_CONSTANT_CONVERSION = YES;
				CLANG_WARN_DEPRECATED_OBJC_IMPLEMENTATIONS = YES;
				CLANG_WARN_DIRECT_OBJC_ISA_USAGE = YES_ERROR;
				CLANG_WARN_DOCUMENTATION_COMMENTS = YES;
				CLANG_WARN_EMPTY_BODY = YES;
				CLANG_WARN_ENUM_CONVERSION = YES;
				CLANG_WARN_INFINITE_RECURSION = YES;
				CLANG_WARN_INT_CONVERSION = YES;
				CLANG_WARN_NON_LITERAL_NULL_CONVERSION = YES;
				CLANG_WARN_OBJC_IMPLICIT_RETAIN_SELF = YES;
				CLANG_WARN_OBJC_LITERAL_CONVERSION = YES;
				CLANG_WARN_OBJC_ROOT_CLASS = YES_ERROR;
				CLANG_WARN_QUOTED_INCLUDE_IN_FRAMEWORK_HEADER = YES;
				CLANG_WARN_RANGE_LOOP_ANALYSIS = YES;
				CLANG_WARN_STRICT_PROTOTYPES = YES;
				CLANG_WARN_SUSPICIOUS_MOVE = YES;
				CLANG_WARN_UNGUARDED_AVAILABILITY = YES_AGGRESSIVE;
				CLANG_WARN_UNREACHABLE_CODE = YES;
				CLANG_WARN__DUPLICATE_METHOD_MATCH = YES;
				COPY_PHASE_STRIP = NO;
				DEBUG_INFORMATION_FORMAT = "dwarf-with-dsym";
				DEVELOPMENT_TEAM = R29WN6MCN4;
				ENABLE_NS_ASSERTIONS = NO;
				ENABLE_STRICT_OBJC_MSGSEND = YES;
				ENABLE_USER_SCRIPT_SANDBOXING = YES;
				GCC_C_LANGUAGE_STANDARD = gnu17;
				GCC_NO_COMMON_BLOCKS = YES;
				GCC_WARN_64_TO_32_BIT_CONVERSION = YES;
				GCC_WARN_ABOUT_RETURN_TYPE = YES_ERROR;
				GCC_WARN_UNDECLARED_SELECTOR = YES;
				GCC_WARN_UNINITIALIZED_AUTOS = YES_AGGRESSIVE;
				GCC_WARN_UNUSED_FUNCTION = YES;
				GCC_WARN_UNUSED_VARIABLE = YES;
				LOCALIZATION_PREFERS_STRING_CATALOGS = YES;
				MACOSX_DEPLOYMENT_TARGET = 15.5;
				MTL_ENABLE_DEBUG_INFO = NO;
				MTL_FAST_MATH = YES;
				SDKROOT = macosx;
				SWIFT_COMPILATION_MODE = wholemodule;
			};
			name = Release;
		};
		D3A3977C2E06B7F300A26024 /* Debug */ = {
			isa = XCBuildConfiguration;
			buildSettings = {
				ASSETCATALOG_COMPILER_APPICON_NAME = AppIcon;
				ASSETCATALOG_COMPILER_GLOBAL_ACCENT_COLOR_NAME = AccentColor;
				CODE_SIGN_ENTITLEMENTS = Xcancelator/Xcancelator.entitlements;
				CODE_SIGN_STYLE = Automatic;
				COMBINE_HIDPI_IMAGES = YES;
				CURRENT_PROJECT_VERSION = 1;
				DEVELOPMENT_TEAM = R29WN6MCN4;
				ENABLE_HARDENED_RUNTIME = YES;
				GENERATE_INFOPLIST_FILE = YES;
				INFOPLIST_KEY_CFBundleDisplayName = Xcancelator;
				INFOPLIST_KEY_NSHumanReadableCopyright = "";
				INFOPLIST_KEY_NSMainStoryboardFile = Main;
				INFOPLIST_KEY_NSPrincipalClass = NSApplication;
				LD_RUNPATH_SEARCH_PATHS = (
					"$(inherited)",
					"@executable_path/../Frameworks",
				);
				MACOSX_DEPLOYMENT_TARGET = 15.0;
				MARKETING_VERSION = 1.0;
				OTHER_LDFLAGS = (
					"-framework",
					SafariServices,
					"-framework",
					WebKit,
				);
				PRODUCT_BUNDLE_IDENTIFIER = com.albertopaz.Xcancelator;
				PRODUCT_NAME = "$(TARGET_NAME)";
				REGISTER_APP_GROUPS = YES;
				SWIFT_EMIT_LOC_STRINGS = YES;
				SWIFT_VERSION = 5.0;
			};
			name = Debug;
		};
		D3A3977D2E06B7F300A26024 /* Release */ = {
			isa = XCBuildConfiguration;
			buildSettings = {
				ASSETCATALOG_COMPILER_APPICON_NAME = AppIcon;
				ASSETCATALOG_COMPILER_GLOBAL_ACCENT_COLOR_NAME = AccentColor;
				CODE_SIGN_ENTITLEMENTS = Xcancelator/Xcancelator.entitlements;
				CODE_SIGN_STYLE = Automatic;
				COMBINE_HIDPI_IMAGES = YES;
				CURRENT_PROJECT_VERSION = 1;
				DEVELOPMENT_TEAM = R29WN6MCN4;
				ENABLE_HARDENED_RUNTIME = YES;
				GENERATE_INFOPLIST_FILE = YES;
				INFOPLIST_KEY_CFBundleDisplayName = Xcancelator;
				INFOPLIST_KEY_NSHumanReadableCopyright = "";
				INFOPLIST_KEY_NSMainStoryboardFile = Main;
				INFOPLIST_KEY_NSPrincipalClass = NSApplication;
				LD_RUNPATH_SEARCH_PATHS = (
					"$(inherited)",
					"@executable_path/../Frameworks",
				);
				MACOSX_DEPLOYMENT_TARGET = 15.0;
				MARKETING_VERSION = 1.0;
				OTHER_LDFLAGS = (
					"-framework",
					SafariServices,
					"-framework",
					WebKit,
				);
				PRODUCT_BUNDLE_IDENTIFIER = com.albertopaz.Xcancelator;
				PRODUCT_NAME = "$(TARGET_NAME)";
				REGISTER_APP_GROUPS = YES;
				SWIFT_EMIT_LOC_STRINGS = YES;
				SWIFT_VERSION = 5.0;
			};
			name = Release;
		};
		D3A3977F2E06B7F300A26024 /* Debug */ = {
			isa = XCBuildConfiguration;
			buildSettings = {
				BUNDLE_LOADER = "$(TEST_HOST)";
				CODE_SIGN_STYLE = Automatic;
				CURRENT_PROJECT_VERSION = 1;
				DEVELOPMENT_TEAM = R29WN6MCN4;
				GENERATE_INFOPLIST_FILE = YES;
				MACOSX_DEPLOYMENT_TARGET = 10.14;
				MARKETING_VERSION = 1.0;
				PRODUCT_BUNDLE_IDENTIFIER = com.albertopaz.XcancelatorTests;
				PRODUCT_NAME = "$(TARGET_NAME)";
				SWIFT_EMIT_LOC_STRINGS = NO;
				SWIFT_VERSION = 5.0;
				TEST_HOST = "$(BUILT_PRODUCTS_DIR)/Xcancelator.app/$(BUNDLE_EXECUTABLE_FOLDER_PATH)/Xcancelator";
			};
			name = Debug;
		};
		D3A397802E06B7F300A26024 /* Release */ = {
			isa = XCBuildConfiguration;
			buildSettings = {
				BUNDLE_LOADER = "$(TEST_HOST)";
				CODE_SIGN_STYLE = Automatic;
				CURRENT_PROJECT_VERSION = 1;
				DEVELOPMENT_TEAM = R29WN6MCN4;
				GENERATE_INFOPLIST_FILE = YES;
				MACOSX_DEPLOYMENT_TARGET = 10.14;
				MARKETING_VERSION = 1.0;
				PRODUCT_BUNDLE_IDENTIFIER = com.albertopaz.XcancelatorTests;
				PRODUCT_NAME = "$(TARGET_NAME)";
				SWIFT_EMIT_LOC_STRINGS = NO;
				SWIFT_VERSION = 5.0;
				TEST_HOST = "$(BUILT_PRODUCTS_DIR)/Xcancelator.app/$(BUNDLE_EXECUTABLE_FOLDER_PATH)/Xcancelator";
			};
			name = Release;
		};
		D3A397822E06B7F300A26024 /* Debug */ = {
			isa = XCBuildConfiguration;
			buildSettings = {
				CODE_SIGN_STYLE = Automatic;
				CURRENT_PROJECT_VERSION = 1;
				DEVELOPMENT_TEAM = R29WN6MCN4;
				GENERATE_INFOPLIST_FILE = YES;
				MARKETING_VERSION = 1.0;
				PRODUCT_BUNDLE_IDENTIFIER = com.albertopaz.XcancelatorUITests;
				PRODUCT_NAME = "$(TARGET_NAME)";
				SWIFT_EMIT_LOC_STRINGS = NO;
				SWIFT_VERSION = 5.0;
				TEST_TARGET_NAME = Xcancelator;
			};
			name = Debug;
		};
		D3A397832E06B7F300A26024 /* Release */ = {
			isa = XCBuildConfiguration;
			buildSettings = {
				CODE_SIGN_STYLE = Automatic;
				CURRENT_PROJECT_VERSION = 1;
				DEVELOPMENT_TEAM = R29WN6MCN4;
				GENERATE_INFOPLIST_FILE = YES;
				MARKETING_VERSION = 1.0;
				PRODUCT_BUNDLE_IDENTIFIER = com.albertopaz.XcancelatorUITests;
				PRODUCT_NAME = "$(TARGET_NAME)";
				SWIFT_EMIT_LOC_STRINGS = NO;
				SWIFT_VERSION = 5.0;
				TEST_TARGET_NAME = Xcancelator;
			};
			name = Release;
		};
		D3B92AE32E06C8BC0056FE98 /* Debug */ = {
			isa = XCBuildConfiguration;
			buildSettings = {
				ASSETCATALOG_COMPILER_APPICON_NAME = AppIcon;
				ASSETCATALOG_COMPILER_GLOBAL_ACCENT_COLOR_NAME = AccentColor;
				CODE_SIGN_STYLE = Automatic;
				CURRENT_PROJECT_VERSION = 1;
				DEVELOPMENT_TEAM = R29WN6MCN4;
				ENABLE_PREVIEWS = YES;
				GENERATE_INFOPLIST_FILE = YES;
				INFOPLIST_KEY_UIApplicationSceneManifest_Generation = YES;
				INFOPLIST_KEY_UIApplicationSupportsIndirectInputEvents = YES;
				INFOPLIST_KEY_UILaunchScreen_Generation = YES;
				INFOPLIST_KEY_UISupportedInterfaceOrientations_iPad = "UIInterfaceOrientationPortrait UIInterfaceOrientationPortraitUpsideDown UIInterfaceOrientationLandscapeLeft UIInterfaceOrientationLandscapeRight";
				INFOPLIST_KEY_UISupportedInterfaceOrientations_iPhone = "UIInterfaceOrientationPortrait UIInterfaceOrientationLandscapeLeft UIInterfaceOrientationLandscapeRight";
				IPHONEOS_DEPLOYMENT_TARGET = 18.5;
				LD_RUNPATH_SEARCH_PATHS = (
					"$(inherited)",
					"@executable_path/Frameworks",
				);
				MARKETING_VERSION = 1.0;
				PRODUCT_BUNDLE_IDENTIFIER = "com.albertopaz.Xcancelator-iOS";
				PRODUCT_NAME = "$(TARGET_NAME)";
				SDKROOT = iphoneos;
				SWIFT_EMIT_LOC_STRINGS = YES;
				SWIFT_VERSION = 5.0;
				TARGETED_DEVICE_FAMILY = "1,2";
			};
			name = Debug;
		};
		D3B92AE42E06C8BC0056FE98 /* Release */ = {
			isa = XCBuildConfiguration;
			buildSettings = {
				ASSETCATALOG_COMPILER_APPICON_NAME = AppIcon;
				ASSETCATALOG_COMPILER_GLOBAL_ACCENT_COLOR_NAME = AccentColor;
				CODE_SIGN_STYLE = Automatic;
				CURRENT_PROJECT_VERSION = 1;
				DEVELOPMENT_TEAM = R29WN6MCN4;
				ENABLE_PREVIEWS = YES;
				GENERATE_INFOPLIST_FILE = YES;
				INFOPLIST_KEY_UIApplicationSceneManifest_Generation = YES;
				INFOPLIST_KEY_UIApplicationSupportsIndirectInputEvents = YES;
				INFOPLIST_KEY_UILaunchScreen_Generation = YES;
				INFOPLIST_KEY_UISupportedInterfaceOrientations_iPad = "UIInterfaceOrientationPortrait UIInterfaceOrientationPortraitUpsideDown UIInterfaceOrientationLandscapeLeft UIInterfaceOrientationLandscapeRight";
				INFOPLIST_KEY_UISupportedInterfaceOrientations_iPhone = "UIInterfaceOrientationPortrait UIInterfaceOrientationLandscapeLeft UIInterfaceOrientationLandscapeRight";
				IPHONEOS_DEPLOYMENT_TARGET = 18.5;
				LD_RUNPATH_SEARCH_PATHS = (
					"$(inherited)",
					"@executable_path/Frameworks",
				);
				MARKETING_VERSION = 1.0;
				PRODUCT_BUNDLE_IDENTIFIER = "com.albertopaz.Xcancelator-iOS";
				PRODUCT_NAME = "$(TARGET_NAME)";
				SDKROOT = iphoneos;
				SWIFT_EMIT_LOC_STRINGS = YES;
				SWIFT_VERSION = 5.0;
				TARGETED_DEVICE_FAMILY = "1,2";
				VALIDATE_PRODUCT = YES;
			};
			name = Release;
		};
		D3B92AE52E06C8BC0056FE98 /* Debug */ = {
			isa = XCBuildConfiguration;
			buildSettings = {
				BUNDLE_LOADER = "$(TEST_HOST)";
				CODE_SIGN_STYLE = Automatic;
				CURRENT_PROJECT_VERSION = 1;
				DEVELOPMENT_TEAM = R29WN6MCN4;
				GENERATE_INFOPLIST_FILE = YES;
				IPHONEOS_DEPLOYMENT_TARGET = 18.5;
				MARKETING_VERSION = 1.0;
				PRODUCT_BUNDLE_IDENTIFIER = "com.albertopaz.Xcancelator-iOSTests";
				PRODUCT_NAME = "$(TARGET_NAME)";
				SDKROOT = iphoneos;
				SWIFT_EMIT_LOC_STRINGS = NO;
				SWIFT_VERSION = 5.0;
				TARGETED_DEVICE_FAMILY = "1,2";
				TEST_HOST = "$(BUILT_PRODUCTS_DIR)/Xcancelator iOS.app/$(BUNDLE_EXECUTABLE_FOLDER_PATH)/Xcancelator iOS";
			};
			name = Debug;
		};
		D3B92AE62E06C8BC0056FE98 /* Release */ = {
			isa = XCBuildConfiguration;
			buildSettings = {
				BUNDLE_LOADER = "$(TEST_HOST)";
				CODE_SIGN_STYLE = Automatic;
				CURRENT_PROJECT_VERSION = 1;
				DEVELOPMENT_TEAM = R29WN6MCN4;
				GENERATE_INFOPLIST_FILE = YES;
				IPHONEOS_DEPLOYMENT_TARGET = 18.5;
				MARKETING_VERSION = 1.0;
				PRODUCT_BUNDLE_IDENTIFIER = "com.albertopaz.Xcancelator-iOSTests";
				PRODUCT_NAME = "$(TARGET_NAME)";
				SDKROOT = iphoneos;
				SWIFT_EMIT_LOC_STRINGS = NO;
				SWIFT_VERSION = 5.0;
				TARGETED_DEVICE_FAMILY = "1,2";
				TEST_HOST = "$(BUILT_PRODUCTS_DIR)/Xcancelator iOS.app/$(BUNDLE_EXECUTABLE_FOLDER_PATH)/Xcancelator iOS";
				VALIDATE_PRODUCT = YES;
			};
			name = Release;
		};
		D3B92AE72E06C8BC0056FE98 /* Debug */ = {
			isa = XCBuildConfiguration;
			buildSettings = {
				CODE_SIGN_STYLE = Automatic;
				CURRENT_PROJECT_VERSION = 1;
				DEVELOPMENT_TEAM = R29WN6MCN4;
				GENERATE_INFOPLIST_FILE = YES;
				IPHONEOS_DEPLOYMENT_TARGET = 18.5;
				MARKETING_VERSION = 1.0;
				PRODUCT_BUNDLE_IDENTIFIER = "com.albertopaz.Xcancelator-iOSUITests";
				PRODUCT_NAME = "$(TARGET_NAME)";
				SDKROOT = iphoneos;
				SWIFT_EMIT_LOC_STRINGS = NO;
				SWIFT_VERSION = 5.0;
				TARGETED_DEVICE_FAMILY = "1,2";
				TEST_TARGET_NAME = "Xcancelator iOS";
			};
			name = Debug;
		};
		D3B92AE82E06C8BC0056FE98 /* Release */ = {
			isa = XCBuildConfiguration;
			buildSettings = {
				CODE_SIGN_STYLE = Automatic;
				CURRENT_PROJECT_VERSION = 1;
				DEVELOPMENT_TEAM = R29WN6MCN4;
				GENERATE_INFOPLIST_FILE = YES;
				IPHONEOS_DEPLOYMENT_TARGET = 18.5;
				MARKETING_VERSION = 1.0;
				PRODUCT_BUNDLE_IDENTIFIER = "com.albertopaz.Xcancelator-iOSUITests";
				PRODUCT_NAME = "$(TARGET_NAME)";
				SDKROOT = iphoneos;
				SWIFT_EMIT_LOC_STRINGS = NO;
				SWIFT_VERSION = 5.0;
				TARGETED_DEVICE_FAMILY = "1,2";
				TEST_TARGET_NAME = "Xcancelator iOS";
				VALIDATE_PRODUCT = YES;
			};
			name = Release;
		};
		D3CA93352E06C2F900595769 /* Debug */ = {
			isa = XCBuildConfiguration;
			buildSettings = {
				CODE_SIGN_ENTITLEMENTS = "Xcancelator Extension iOS/Xcancelator_Extension_iOS.entitlements";
				CODE_SIGN_STYLE = Automatic;
				CURRENT_PROJECT_VERSION = 1;
				DEVELOPMENT_TEAM = R29WN6MCN4;
				GENERATE_INFOPLIST_FILE = YES;
				INFOPLIST_FILE = "Xcancelator Extension iOS/Info.plist";
				INFOPLIST_KEY_CFBundleDisplayName = "Xcancelator Extension iOS";
				INFOPLIST_KEY_NSHumanReadableCopyright = "";
				IPHONEOS_DEPLOYMENT_TARGET = 17.0;
				LD_RUNPATH_SEARCH_PATHS = (
					"$(inherited)",
					"@executable_path/Frameworks",
					"@executable_path/../../Frameworks",
				);
				MARKETING_VERSION = 1.0;
				OTHER_LDFLAGS = (
					"-framework",
					SafariServices,
				);
				PRODUCT_BUNDLE_IDENTIFIER = "com.albertopaz.Xcancelator-iOS.Extension";
				PRODUCT_NAME = "$(TARGET_NAME)";
				SDKROOT = iphoneos;
				SKIP_INSTALL = YES;
				SWIFT_EMIT_LOC_STRINGS = YES;
				SWIFT_VERSION = 5.0;
				TARGETED_DEVICE_FAMILY = "1,2";
			};
			name = Debug;
		};
		D3CA93362E06C2F900595769 /* Release */ = {
			isa = XCBuildConfiguration;
			buildSettings = {
				CODE_SIGN_STYLE = Automatic;
				CURRENT_PROJECT_VERSION = 1;
				DEVELOPMENT_TEAM = R29WN6MCN4;
				GENERATE_INFOPLIST_FILE = YES;
				INFOPLIST_FILE = "Xcancelator Extension iOS/Info.plist";
				INFOPLIST_KEY_CFBundleDisplayName = "Xcancelator Extension iOS";
				INFOPLIST_KEY_NSHumanReadableCopyright = "";
				IPHONEOS_DEPLOYMENT_TARGET = 18.5;
				LD_RUNPATH_SEARCH_PATHS = (
					"$(inherited)",
					"@executable_path/Frameworks",
					"@executable_path/../../Frameworks",
				);
				MARKETING_VERSION = 1.0;
				OTHER_LDFLAGS = (
					"-framework",
					SafariServices,
				);
				PRODUCT_BUNDLE_IDENTIFIER = "com.albertopaz.Xcancelator-Extension-iOS";
				PRODUCT_NAME = "$(TARGET_NAME)";
				SDKROOT = iphoneos;
				SKIP_INSTALL = YES;
				SWIFT_EMIT_LOC_STRINGS = YES;
				SWIFT_VERSION = 5.0;
				TARGETED_DEVICE_FAMILY = "1,2";
				VALIDATE_PRODUCT = YES;
			};
			name = Release;
		};
/* End XCBuildConfiguration section */

/* Begin XCConfigurationList section */
		D3A397232E06B7F200A26024 /* Build configuration list for PBXProject "Xcancelator" */ = {
			isa = XCConfigurationList;
			buildConfigurations = (
				D3A397782E06B7F300A26024 /* Debug */,
				D3A397792E06B7F300A26024 /* Release */,
			);
			defaultConfigurationIsVisible = 0;
			defaultConfigurationName = Release;
		};
		D3A397752E06B7F300A26024 /* Build configuration list for PBXNativeTarget "Xcancelator Extension" */ = {
			isa = XCConfigurationList;
			buildConfigurations = (
				D3A397762E06B7F300A26024 /* Debug */,
				D3A397772E06B7F300A26024 /* Release */,
			);
			defaultConfigurationIsVisible = 0;
			defaultConfigurationName = Release;
		};
		D3A3977B2E06B7F300A26024 /* Build configuration list for PBXNativeTarget "Xcancelator" */ = {
			isa = XCConfigurationList;
			buildConfigurations = (
				D3A3977C2E06B7F300A26024 /* Debug */,
				D3A3977D2E06B7F300A26024 /* Release */,
			);
			defaultConfigurationIsVisible = 0;
			defaultConfigurationName = Release;
		};
		D3A3977E2E06B7F300A26024 /* Build configuration list for PBXNativeTarget "XcancelatorTests" */ = {
			isa = XCConfigurationList;
			buildConfigurations = (
				D3A3977F2E06B7F300A26024 /* Debug */,
				D3A397802E06B7F300A26024 /* Release */,
			);
			defaultConfigurationIsVisible = 0;
			defaultConfigurationName = Release;
		};
		D3A397812E06B7F300A26024 /* Build configuration list for PBXNativeTarget "XcancelatorUITests" */ = {
			isa = XCConfigurationList;
			buildConfigurations = (
				D3A397822E06B7F300A26024 /* Debug */,
				D3A397832E06B7F300A26024 /* Release */,
			);
			defaultConfigurationIsVisible = 0;
			defaultConfigurationName = Release;
		};
		D3B92AE92E06C8BC0056FE98 /* Build configuration list for PBXNativeTarget "Xcancelator iOS" */ = {
			isa = XCConfigurationList;
			buildConfigurations = (
				D3B92AE32E06C8BC0056FE98 /* Debug */,
				D3B92AE42E06C8BC0056FE98 /* Release */,
			);
			defaultConfigurationIsVisible = 0;
			defaultConfigurationName = Release;
		};
		D3B92AEA2E06C8BC0056FE98 /* Build configuration list for PBXNativeTarget "Xcancelator iOSTests" */ = {
			isa = XCConfigurationList;
			buildConfigurations = (
				D3B92AE52E06C8BC0056FE98 /* Debug */,
				D3B92AE62E06C8BC0056FE98 /* Release */,
			);
			defaultConfigurationIsVisible = 0;
			defaultConfigurationName = Release;
		};
		D3B92AEB2E06C8BC0056FE98 /* Build configuration list for PBXNativeTarget "Xcancelator iOSUITests" */ = {
			isa = XCConfigurationList;
			buildConfigurations = (
				D3B92AE72E06C8BC0056FE98 /* Debug */,
				D3B92AE82E06C8BC0056FE98 /* Release */,
			);
			defaultConfigurationIsVisible = 0;
			defaultConfigurationName = Release;
		};
		D3CA93382E06C2FA00595769 /* Build configuration list for PBXNativeTarget "Xcancelator Extension iOS" */ = {
			isa = XCConfigurationList;
			buildConfigurations = (
				D3CA93352E06C2F900595769 /* Debug */,
				D3CA93362E06C2F900595769 /* Release */,
			);
			defaultConfigurationIsVisible = 0;
			defaultConfigurationName = Release;
		};
/* End XCConfigurationList section */
	};
	rootObject = D3A397202E06B7F200A26024 /* Project object */;
}
